
Microsoft Visual Studio Solution File, Format Version 12.00
# Visual Studio Version 16
VisualStudioVersion = 16.6.30114.105
MinimumVisualStudioVersion = 10.0.40219.1
Project("{9A19103F-16F7-4668-BE54-9A1E7A4F7556}") = "R5T.T0049", "R5T.T0049\R5T.T0049.csproj", "{41434E5D-6185-48B9-B275-4A3F419307E6}"
EndProject
Project("{2150E333-8FDC-42A3-9474-1A3956D46DE8}") = "_Dependencies", "_Dependencies", "{358F0FCE-1351-41AA-A4DA-5A6CA7758D9C}"
EndProject
Project("{9A19103F-16F7-4668-BE54-9A1E7A4F7556}") = "R5T.Magyar", "..\..\R5T.Magyar\source\R5T.Magyar\R5T.Magyar.csproj", "{0C256A4F-F43B-4D63-92E0-F0D4078C0FAD}"
EndProject
Project("{9A19103F-16F7-4668-BE54-9A1E7A4F7556}") = "R5T.Stagira", "..\..\R5T.Stagira\source\R5T.Stagira\R5T.Stagira.csproj", "{213D472E-9DAD-47A7-8D74-B23484FD8376}"
EndProject
Project("{9A19103F-16F7-4668-BE54-9A1E7A4F7556}") = "R5T.T0049.X001", "R5T.T0049.X001\R5T.T0049.X001.csproj", "{78AA4E00-ABE1-41B2-86A2-37FCEE70B29A}"
EndProject
Project("{9A19103F-16F7-4668-BE54-9A1E7A4F7556}") = "R5T.T0034", "..\..\R5T.T0034\source\R5T.T0034\R5T.T0034.csproj", "{6F9DD494-8D34-495F-B2B1-F162C9573315}"
EndProject
Global
	GlobalSection(SolutionConfigurationPlatforms) = preSolution
		Debug|Any CPU = Debug|Any CPU
		Debug|x64 = Debug|x64
		Debug|x86 = Debug|x86
		Release|Any CPU = Release|Any CPU
		Release|x64 = Release|x64
		Release|x86 = Release|x86
	EndGlobalSection
	GlobalSection(ProjectConfigurationPlatforms) = postSolution
		{41434E5D-6185-48B9-B275-4A3F419307E6}.Debug|Any CPU.ActiveCfg = Debug|Any CPU
		{41434E5D-6185-48B9-B275-4A3F419307E6}.Debug|Any CPU.Build.0 = Debug|Any CPU
		{41434E5D-6185-48B9-B275-4A3F419307E6}.Debug|x64.ActiveCfg = Debug|Any CPU
		{41434E5D-6185-48B9-B275-4A3F419307E6}.Debug|x64.Build.0 = Debug|Any CPU
		{41434E5D-6185-48B9-B275-4A3F419307E6}.Debug|x86.ActiveCfg = Debug|Any CPU
		{41434E5D-6185-48B9-B275-4A3F419307E6}.Debug|x86.Build.0 = Debug|Any CPU
		{41434E5D-6185-48B9-B275-4A3F419307E6}.Release|Any CPU.ActiveCfg = Release|Any CPU
		{41434E5D-6185-48B9-B275-4A3F419307E6}.Release|Any CPU.Build.0 = Release|Any CPU
		{41434E5D-6185-48B9-B275-4A3F419307E6}.Release|x64.ActiveCfg = Release|Any CPU
		{41434E5D-6185-48B9-B275-4A3F419307E6}.Release|x64.Build.0 = Release|Any CPU
		{41434E5D-6185-48B9-B275-4A3F419307E6}.Release|x86.ActiveCfg = Release|Any CPU
		{41434E5D-6185-48B9-B275-4A3F419307E6}.Release|x86.Build.0 = Release|Any CPU
		{0C256A4F-F43B-4D63-92E0-F0D4078C0FAD}.Debug|Any CPU.ActiveCfg = Debug|Any CPU
		{0C256A4F-F43B-4D63-92E0-F0D4078C0FAD}.Debug|Any CPU.Build.0 = Debug|Any CPU
		{0C256A4F-F43B-4D63-92E0-F0D4078C0FAD}.Debug|x64.ActiveCfg = Debug|Any CPU
		{0C256A4F-F43B-4D63-92E0-F0D4078C0FAD}.Debug|x64.Build.0 = Debug|Any CPU
		{0C256A4F-F43B-4D63-92E0-F0D4078C0FAD}.Debug|x86.ActiveCfg = Debug|Any CPU
		{0C256A4F-F43B-4D63-92E0-F0D4078C0FAD}.Debug|x86.Build.0 = Debug|Any CPU
		{0C256A4F-F43B-4D63-92E0-F0D4078C0FAD}.Release|Any CPU.ActiveCfg = Release|Any CPU
		{0C256A4F-F43B-4D63-92E0-F0D4078C0FAD}.Release|Any CPU.Build.0 = Release|Any CPU
		{0C256A4F-F43B-4D63-92E0-F0D4078C0FAD}.Release|x64.ActiveCfg = Release|Any CPU
		{0C256A4F-F43B-4D63-92E0-F0D4078C0FAD}.Release|x64.Build.0 = Release|Any CPU
		{0C256A4F-F43B-4D63-92E0-F0D4078C0FAD}.Release|x86.ActiveCfg = Release|Any CPU
		{0C256A4F-F43B-4D63-92E0-F0D4078C0FAD}.Release|x86.Build.0 = Release|Any CPU
		{213D472E-9DAD-47A7-8D74-B23484FD8376}.Debug|Any CPU.ActiveCfg = Debug|Any CPU
		{213D472E-9DAD-47A7-8D74-B23484FD8376}.Debug|Any CPU.Build.0 = Debug|Any CPU
		{213D472E-9DAD-47A7-8D74-B23484FD8376}.Debug|x64.ActiveCfg = Debug|Any CPU
		{213D472E-9DAD-47A7-8D74-B23484FD8376}.Debug|x64.Build.0 = Debug|Any CPU
		{213D472E-9DAD-47A7-8D74-B23484FD8376}.Debug|x86.ActiveCfg = Debug|Any CPU
		{213D472E-9DAD-47A7-8D74-B23484FD8376}.Debug|x86.Build.0 = Debug|Any CPU
		{213D472E-9DAD-47A7-8D74-B23484FD8376}.Release|Any CPU.ActiveCfg = Release|Any CPU
		{213D472E-9DAD-47A7-8D74-B23484FD8376}.Release|Any CPU.Build.0 = Release|Any CPU
		{213D472E-9DAD-47A7-8D74-B23484FD8376}.Release|x64.ActiveCfg = Release|Any CPU
		{213D472E-9DAD-47A7-8D74-B23484FD8376}.Release|x64.Build.0 = Release|Any CPU
		{213D472E-9DAD-47A7-8D74-B23484FD8376}.Release|x86.ActiveCfg = Release|Any CPU
		{213D472E-9DAD-47A7-8D74-B23484FD8376}.Release|x86.Build.0 = Release|Any CPU
		{78AA4E00-ABE1-41B2-86A2-37FCEE70B29A}.Debug|Any CPU.ActiveCfg = Debug|Any CPU
		{78AA4E00-ABE1-41B2-86A2-37FCEE70B29A}.Debug|Any CPU.Build.0 = Debug|Any CPU
		{78AA4E00-ABE1-41B2-86A2-37FCEE70B29A}.Debug|x64.ActiveCfg = Debug|Any CPU
		{78AA4E00-ABE1-41B2-86A2-37FCEE70B29A}.Debug|x64.Build.0 = Debug|Any CPU
		{78AA4E00-ABE1-41B2-86A2-37FCEE70B29A}.Debug|x86.ActiveCfg = Debug|Any CPU
		{78AA4E00-ABE1-41B2-86A2-37FCEE70B29A}.Debug|x86.Build.0 = Debug|Any CPU
		{78AA4E00-ABE1-41B2-86A2-37FCEE70B29A}.Release|Any CPU.ActiveCfg = Release|Any CPU
		{78AA4E00-ABE1-41B2-86A2-37FCEE70B29A}.Release|Any CPU.Build.0 = Release|Any CPU
		{78AA4E00-ABE1-41B2-86A2-37FCEE70B29A}.Release|x64.ActiveCfg = Release|Any CPU
		{78AA4E00-ABE1-41B2-86A2-37FCEE70B29A}.Release|x64.Build.0 = Release|Any CPU
		{78AA4E00-ABE1-41B2-86A2-37FCEE70B29A}.Release|x86.ActiveCfg = Release|Any CPU
		{78AA4E00-ABE1-41B2-86A2-37FCEE70B29A}.Release|x86.Build.0 = Release|Any CPU
		{6F9DD494-8D34-495F-B2B1-F162C9573315}.Debug|Any CPU.ActiveCfg = Debug|Any CPU
		{6F9DD494-8D34-495F-B2B1-F162C9573315}.Debug|Any CPU.Build.0 = Debug|Any CPU
		{6F9DD494-8D34-495F-B2B1-F162C9573315}.Debug|x64.ActiveCfg = Debug|Any CPU
		{6F9DD494-8D34-495F-B2B1-F162C9573315}.Debug|x64.Build.0 = Debug|Any CPU
		{6F9DD494-8D34-495F-B2B1-F162C9573315}.Debug|x86.ActiveCfg = Debug|Any CPU
		{6F9DD494-8D34-495F-B2B1-F162C9573315}.Debug|x86.Build.0 = Debug|Any CPU
		{6F9DD494-8D34-495F-B2B1-F162C9573315}.Release|Any CPU.ActiveCfg = Release|Any CPU
		{6F9DD494-8D34-495F-B2B1-F162C9573315}.Release|Any CPU.Build.0 = Release|Any CPU
		{6F9DD494-8D34-495F-B2B1-F162C9573315}.Release|x64.ActiveCfg = Release|Any CPU
		{6F9DD494-8D34-495F-B2B1-F162C9573315}.Release|x64.Build.0 = Release|Any CPU
		{6F9DD494-8D34-495F-B2B1-F162C9573315}.Release|x86.ActiveCfg = Release|Any CPU
		{6F9DD494-8D34-495F-B2B1-F162C9573315}.Release|x86.Build.0 = Release|Any CPU
	EndGlobalSection
	GlobalSection(SolutionProperties) = preSolution
		HideSolutionNode = FALSE
	EndGlobalSection
	GlobalSection(NestedProjects) = preSolution
		{0C256A4F-F43B-4D63-92E0-F0D4078C0FAD} = {358F0FCE-1351-41AA-A4DA-5A6CA7758D9C}
		{213D472E-9DAD-47A7-8D74-B23484FD8376} = {358F0FCE-1351-41AA-A4DA-5A6CA7758D9C}
		{6F9DD494-8D34-495F-B2B1-F162C9573315} = {358F0FCE-1351-41AA-A4DA-5A6CA7758D9C}
	EndGlobalSection
	GlobalSection(ExtensibilityGlobals) = postSolution
		SolutionGuid = {0E308FCB-6DD9-42F9-9335-52D519E0C775}
	EndGlobalSection
EndGlobal
